
Microsoft Visual Studio Solution File, Format Version 12.00
# Visual Studio Version 17
VisualStudioVersion = 17.14.36212.18 d17.14
MinimumVisualStudioVersion = 10.0.40219.1
Project("{FAE04EC0-301F-11D3-BF4B-00C04F79EFBC}") = "EcommerceSearchFunction", "EcommerceSearchFunction\EcommerceSearchFunction.csproj", "{D7FE98F4-BFEC-43BB-BF20-C21556CBB4EC}"
EndProject
Global
	GlobalSection(SolutionConfigurationPlatforms) = preSolution
		Debug|Any CPU = Debug|Any CPU
		Release|Any CPU = Release|Any CPU
	EndGlobalSection
	GlobalSection(ProjectConfigurationPlatforms) = postSolution
		{D7FE98F4-BFEC-43BB-BF20-C21556CBB4EC}.Debug|Any CPU.ActiveCfg = Debug|Any CPU
		{D7FE98F4-BFEC-43BB-BF20-C21556CBB4EC}.Debug|Any CPU.Build.0 = Debug|Any CPU
		{D7FE98F4-BFEC-43BB-BF20-C21556CBB4EC}.Release|Any CPU.ActiveCfg = Release|Any CPU
		{D7FE98F4-BFEC-43BB-BF20-C21556CBB4EC}.Release|Any CPU.Build.0 = Release|Any CPU
	EndGlobalSection
	GlobalSection(SolutionProperties) = preSolution
		HideSolutionNode = FALSE
	EndGlobalSection
	GlobalSection(ExtensibilityGlobals) = postSolution
		SolutionGuid = {3B68C9BE-4811-4F3E-BCEC-C8EB46C8037F}
	EndGlobalSection
EndGlobal
