
Microsoft Visual Studio Solution File, Format Version 12.00
# Visual Studio Version 17
VisualStudioVersion = 17.14.36301.6 d17.14
MinimumVisualStudioVersion = 10.0.40219.1
Project("{FAE04EC0-301F-11D3-BF4B-00C04F79EFBC}") = "EmployeeApiDemo", "EmployeeApiDemo\EmployeeApiDemo.csproj", "{4BFAFB6A-29EF-403A-A3AA-819926C6CEC4}"
EndProject
Global
	GlobalSection(SolutionConfigurationPlatforms) = preSolution
		Debug|Any CPU = Debug|Any CPU
		Release|Any CPU = Release|Any CPU
	EndGlobalSection
	GlobalSection(ProjectConfigurationPlatforms) = postSolution
		{4BFAFB6A-29EF-403A-A3AA-819926C6CEC4}.Debug|Any CPU.ActiveCfg = Debug|Any CPU
		{4BFAFB6A-29EF-403A-A3AA-819926C6CEC4}.Debug|Any CPU.Build.0 = Debug|Any CPU
		{4BFAFB6A-29EF-403A-A3AA-819926C6CEC4}.Release|Any CPU.ActiveCfg = Release|Any CPU
		{4BFAFB6A-29EF-403A-A3AA-819926C6CEC4}.Release|Any CPU.Build.0 = Release|Any CPU
	EndGlobalSection
	GlobalSection(SolutionProperties) = preSolution
		HideSolutionNode = FALSE
	EndGlobalSection
	GlobalSection(ExtensibilityGlobals) = postSolution
		SolutionGuid = {41BF80D7-2583-4B58-A7DA-152D86CADEE8}
	EndGlobalSection
EndGlobal
