
Microsoft Visual Studio Solution File, Format Version 12.00
# Visual Studio Version 17
VisualStudioVersion = 17.14.36221.1 d17.14
MinimumVisualStudioVersion = 10.0.40219.1
Project("{FAE04EC0-301F-11D3-BF4B-00C04F79EFBC}") = "CustomerCommLib", "CustomerCommLib\CustomerCommLib.csproj", "{90DC50A7-2396-4630-94CC-1D5E8BD09FE0}"
EndProject
Project("{FAE04EC0-301F-11D3-BF4B-00C04F79EFBC}") = "CustomerCommLibTest", "CustomerCommLibTest\CustomerCommLibTest.csproj", "{2F76D135-7791-4C8B-BB60-7C3FDE9F6C74}"
EndProject
Global
	GlobalSection(SolutionConfigurationPlatforms) = preSolution
		Debug|Any CPU = Debug|Any CPU
		Release|Any CPU = Release|Any CPU
	EndGlobalSection
	GlobalSection(ProjectConfigurationPlatforms) = postSolution
		{90DC50A7-2396-4630-94CC-1D5E8BD09FE0}.Debug|Any CPU.ActiveCfg = Debug|Any CPU
		{90DC50A7-2396-4630-94CC-1D5E8BD09FE0}.Debug|Any CPU.Build.0 = Debug|Any CPU
		{90DC50A7-2396-4630-94CC-1D5E8BD09FE0}.Release|Any CPU.ActiveCfg = Release|Any CPU
		{90DC50A7-2396-4630-94CC-1D5E8BD09FE0}.Release|Any CPU.Build.0 = Release|Any CPU
		{2F76D135-7791-4C8B-BB60-7C3FDE9F6C74}.Debug|Any CPU.ActiveCfg = Debug|Any CPU
		{2F76D135-7791-4C8B-BB60-7C3FDE9F6C74}.Debug|Any CPU.Build.0 = Debug|Any CPU
		{2F76D135-7791-4C8B-BB60-7C3FDE9F6C74}.Release|Any CPU.ActiveCfg = Release|Any CPU
		{2F76D135-7791-4C8B-BB60-7C3FDE9F6C74}.Release|Any CPU.Build.0 = Release|Any CPU
	EndGlobalSection
	GlobalSection(SolutionProperties) = preSolution
		HideSolutionNode = FALSE
	EndGlobalSection
	GlobalSection(ExtensibilityGlobals) = postSolution
		SolutionGuid = {EF1EE48B-39AF-47C4-B71A-3AD31157A72E}
	EndGlobalSection
EndGlobal
